
Microsoft Visual Studio Solution File, Format Version 12.00
# Visual Studio Version 16
VisualStudioVersion = 16.0.30717.126
MinimumVisualStudioVersion = 10.0.40219.1
Project("{FAE04EC0-301F-11D3-BF4B-00C04F79EFBC}") = "SNA_Tast_04", "SNA_Tast_04.csproj", "{50D542E3-05A3-437D-93AD-F7308C6C0FDF}"
EndProject
Global
	GlobalSection(SolutionConfigurationPlatforms) = preSolution
		Debug|Any CPU = Debug|Any CPU
		Release|Any CPU = Release|Any CPU
	EndGlobalSection
	GlobalSection(ProjectConfigurationPlatforms) = postSolution
		{50D542E3-05A3-437D-93AD-F7308C6C0FDF}.Debug|Any CPU.ActiveCfg = Debug|Any CPU
		{50D542E3-05A3-437D-93AD-F7308C6C0FDF}.Debug|Any CPU.Build.0 = Debug|Any CPU
		{50D542E3-05A3-437D-93AD-F7308C6C0FDF}.Release|Any CPU.ActiveCfg = Release|Any CPU
		{50D542E3-05A3-437D-93AD-F7308C6C0FDF}.Release|Any CPU.Build.0 = Release|Any CPU
	EndGlobalSection
	GlobalSection(SolutionProperties) = preSolution
		HideSolutionNode = FALSE
	EndGlobalSection
	GlobalSection(ExtensibilityGlobals) = postSolution
		SolutionGuid = {8D726A9D-F565-4661-8176-A0D88F5131F5}
	EndGlobalSection
EndGlobal
